<?xml version="1.0" encoding="utf-8"?>
<Project ToolsVersion="4.0" xmlns="http://schemas.microsoft.com/developer/msbuild/2003">
  <ItemGroup>
    <Filter Include="Source Files">
      <UniqueIdentifier>{99de6a80-0978-4546-b564-bd6f910c7c96}</UniqueIdentifier>
    </Filter>
    <Filter Include="Header Files">
      <UniqueIdentifier>{a42b61ba-55d2-4cd9-89e0-f136f48986b3}</UniqueIdentifier>
    </Filter>
  </ItemGroup>
  <ItemGroup>
    <ClCompile Include="main.cpp">
      <Filter>Source Files</Filter>
    </ClCompile>
    <ClCompile Include="Room.cpp">
      <Filter>Source Files</Filter>
    </ClCompile>
    <ClCompile Include="Cell.cpp">
      <Filter>Source Files</Filter>
    </ClCompile>
    <ClCompile Include="State.cpp">
      <Filter>Source Files</Filter>
    </ClCompile>
    <ClCompile Include="ChasingState.cpp">
      <Filter>Source Files</Filter>
    </ClCompile>
    <ClCompile Include="RuningState.cpp">
      <Filter>Source Files</Filter>
    </ClCompile>
    <ClCompile Include="Character.cpp">
      <Filter>Source Files</Filter>
    </ClCompile>
    <ClCompile Include="Team.cpp">
      <Filter>Source Files</Filter>
    </ClCompile>
    <ClCompile Include="AssistingState.cpp">
      <Filter>Source Files</Filter>
    </ClCompile>
    <ClCompile Include="WanderingState.cpp">
      <Filter>Source Files</Filter>
    </ClCompile>
    <ClCompile Include="Warrior.cpp">
      <Filter>Source Files</Filter>
    </ClCompile>
    <ClCompile Include="Luggage.cpp">
      <Filter>Source Files</Filter>
    </ClCompile>
  </ItemGroup>
  <ItemGroup>
    <ClInclude Include="glut.h">
      <Filter>Header Files</Filter>
    </ClInclude>
    <ClInclude Include="Room.h">
      <Filter>Header Files</Filter>
    </ClInclude>
    <ClInclude Include="Cell.h">
      <Filter>Header Files</Filter>
    </ClInclude>
    <ClInclude Include="State.h">
      <Filter>Header Files</Filter>
    </ClInclude>
    <ClInclude Include="ChasingState.h">
      <Filter>Header Files</Filter>
    </ClInclude>
    <ClInclude Include="RuningState.h">
      <Filter>Header Files</Filter>
    </ClInclude>
    <ClInclude Include="Character.h">
      <Filter>Header Files</Filter>
    </ClInclude>
    <ClInclude Include="Luggage.h">
      <Filter>Header Files</Filter>
    </ClInclude>
    <ClInclude Include="Team.h">
      <Filter>Header Files</Filter>
    </ClInclude>
    <ClInclude Include="Warrior.h">
      <Filter>Header Files</Filter>
    </ClInclude>
    <ClInclude Include="Enum.h">
      <Filter>Header Files</Filter>
    </ClInclude>
    <ClInclude Include="AssistingState.h">
      <Filter>Header Files</Filter>
    </ClInclude>
    <ClInclude Include="WanderingState.h">
      <Filter>Header Files</Filter>
    </ClInclude>
  </ItemGroup>
</Project>